
Microsoft Visual Studio Solution File, Format Version 12.00
# Visual Studio Version 17
VisualStudioVersion = 17.7.34024.191
MinimumVisualStudioVersion = 10.0.40219.1
Project("{FAE04EC0-301F-11D3-BF4B-00C04F79EFBC}") = "TestForKip", "TestForKip\TestForKip.csproj", "{4F56AF8E-08D6-47E8-B1E2-4F2C74262A0C}"
EndProject
Global
	GlobalSection(SolutionConfigurationPlatforms) = preSolution
		Debug|Any CPU = Debug|Any CPU
		Release|Any CPU = Release|Any CPU
	EndGlobalSection
	GlobalSection(ProjectConfigurationPlatforms) = postSolution
		{4F56AF8E-08D6-47E8-B1E2-4F2C74262A0C}.Debug|Any CPU.ActiveCfg = Debug|Any CPU
		{4F56AF8E-08D6-47E8-B1E2-4F2C74262A0C}.Debug|Any CPU.Build.0 = Debug|Any CPU
		{4F56AF8E-08D6-47E8-B1E2-4F2C74262A0C}.Release|Any CPU.ActiveCfg = Release|Any CPU
		{4F56AF8E-08D6-47E8-B1E2-4F2C74262A0C}.Release|Any CPU.Build.0 = Release|Any CPU
	EndGlobalSection
	GlobalSection(SolutionProperties) = preSolution
		HideSolutionNode = FALSE
	EndGlobalSection
	GlobalSection(ExtensibilityGlobals) = postSolution
		SolutionGuid = {E239D38E-645E-40AE-AC4D-6B93FA15DC3F}
	EndGlobalSection
EndGlobal
